
Microsoft Visual Studio Solution File, Format Version 12.00
# Visual Studio Version 16
VisualStudioVersion = 16.0.30204.135
MinimumVisualStudioVersion = 10.0.40219.1
Project("{9A19103F-16F7-4668-BE54-9A1E7A4F7556}") = "MartianRobots", "MartiansRobots\MartianRobots.csproj", "{3070A764-E190-4837-9D5E-01E2DD2AE5A4}"
EndProject
Project("{FAE04EC0-301F-11D3-BF4B-00C04F79EFBC}") = "MartiansRobots.Test", "MartiansRobots.Test\MartiansRobots.Test.csproj", "{13C44FB9-2C7F-4171-ACBB-1E026B87112B}"
EndProject
Global
	GlobalSection(SolutionConfigurationPlatforms) = preSolution
		Debug|Any CPU = Debug|Any CPU
		Release|Any CPU = Release|Any CPU
	EndGlobalSection
	GlobalSection(ProjectConfigurationPlatforms) = postSolution
		{3070A764-E190-4837-9D5E-01E2DD2AE5A4}.Debug|Any CPU.ActiveCfg = Debug|Any CPU
		{3070A764-E190-4837-9D5E-01E2DD2AE5A4}.Debug|Any CPU.Build.0 = Debug|Any CPU
		{3070A764-E190-4837-9D5E-01E2DD2AE5A4}.Release|Any CPU.ActiveCfg = Release|Any CPU
		{3070A764-E190-4837-9D5E-01E2DD2AE5A4}.Release|Any CPU.Build.0 = Release|Any CPU
		{13C44FB9-2C7F-4171-ACBB-1E026B87112B}.Debug|Any CPU.ActiveCfg = Debug|Any CPU
		{13C44FB9-2C7F-4171-ACBB-1E026B87112B}.Debug|Any CPU.Build.0 = Debug|Any CPU
		{13C44FB9-2C7F-4171-ACBB-1E026B87112B}.Release|Any CPU.ActiveCfg = Release|Any CPU
		{13C44FB9-2C7F-4171-ACBB-1E026B87112B}.Release|Any CPU.Build.0 = Release|Any CPU
	EndGlobalSection
	GlobalSection(SolutionProperties) = preSolution
		HideSolutionNode = FALSE
	EndGlobalSection
	GlobalSection(ExtensibilityGlobals) = postSolution
		SolutionGuid = {5B254EC0-E053-4F47-866E-BCC113712DC2}
	EndGlobalSection
EndGlobal
